
Microsoft Visual Studio Solution File, Format Version 12.00
# Visual Studio Version 16
VisualStudioVersion = 16.0.30225.117
MinimumVisualStudioVersion = 10.0.40219.1
Project("{FAE04EC0-301F-11D3-BF4B-00C04F79EFBC}") = "Magic 8ball", "Magic 8ball\Magic 8ball.csproj", "{7AF7F5E3-D4AF-415C-B1EA-A4A2ADC44FF3}"
EndProject
Global
	GlobalSection(SolutionConfigurationPlatforms) = preSolution
		Debug|Any CPU = Debug|Any CPU
		Release|Any CPU = Release|Any CPU
	EndGlobalSection
	GlobalSection(ProjectConfigurationPlatforms) = postSolution
		{7AF7F5E3-D4AF-415C-B1EA-A4A2ADC44FF3}.Debug|Any CPU.ActiveCfg = Debug|Any CPU
		{7AF7F5E3-D4AF-415C-B1EA-A4A2ADC44FF3}.Debug|Any CPU.Build.0 = Debug|Any CPU
		{7AF7F5E3-D4AF-415C-B1EA-A4A2ADC44FF3}.Release|Any CPU.ActiveCfg = Release|Any CPU
		{7AF7F5E3-D4AF-415C-B1EA-A4A2ADC44FF3}.Release|Any CPU.Build.0 = Release|Any CPU
	EndGlobalSection
	GlobalSection(SolutionProperties) = preSolution
		HideSolutionNode = FALSE
	EndGlobalSection
	GlobalSection(ExtensibilityGlobals) = postSolution
		SolutionGuid = {F1C43A90-EBEB-4D9A-95FA-CF58837B2F34}
	EndGlobalSection
EndGlobal
